
Microsoft Visual Studio Solution File, Format Version 12.00
# Visual Studio Version 17
VisualStudioVersion = 17.10.35027.167
MinimumVisualStudioVersion = 10.0.40219.1
Project("{FAE04EC0-301F-11D3-BF4B-00C04F79EFBC}") = "Chlorine", "Chlorine\Chlorine.csproj", "{673BC8C7-4EB2-4AA2-9BEF-CCEE04774CFB}"
EndProject
Global
	GlobalSection(SolutionConfigurationPlatforms) = preSolution
		Debug|Any CPU = Debug|Any CPU
		Release|Any CPU = Release|Any CPU
	EndGlobalSection
	GlobalSection(ProjectConfigurationPlatforms) = postSolution
		{673BC8C7-4EB2-4AA2-9BEF-CCEE04774CFB}.Debug|Any CPU.ActiveCfg = Debug|Any CPU
		{673BC8C7-4EB2-4AA2-9BEF-CCEE04774CFB}.Debug|Any CPU.Build.0 = Debug|Any CPU
		{673BC8C7-4EB2-4AA2-9BEF-CCEE04774CFB}.Debug|Any CPU.Deploy.0 = Debug|Any CPU
		{673BC8C7-4EB2-4AA2-9BEF-CCEE04774CFB}.Release|Any CPU.ActiveCfg = Release|Any CPU
		{673BC8C7-4EB2-4AA2-9BEF-CCEE04774CFB}.Release|Any CPU.Build.0 = Release|Any CPU
		{673BC8C7-4EB2-4AA2-9BEF-CCEE04774CFB}.Release|Any CPU.Deploy.0 = Release|Any CPU
	EndGlobalSection
	GlobalSection(SolutionProperties) = preSolution
		HideSolutionNode = FALSE
	EndGlobalSection
	GlobalSection(ExtensibilityGlobals) = postSolution
		SolutionGuid = {6B34FA4D-A289-4BA1-8EC8-269076EC7D6D}
	EndGlobalSection
EndGlobal
